// !$*UTF8*$!
{
	archiveVersion = 1;
	classes = {
	};
	objectVersion = 52;
	objects = {

/* Begin PBXBuildFile section */
		0C09BE4126A24E14000A2B29 /* Extension.swift in Sources */ = {isa = PBXBuildFile; fileRef = 0C09BE4026A24E14000A2B29 /* Extension.swift */; };
		0C4ED21A2682353100DB60BB /* GoogleService-Info.plist in Resources */ = {isa = PBXBuildFile; fileRef = 0C4ED2192682353100DB60BB /* GoogleService-Info.plist */; };
		0C4F34702688903A00BCDA64 /* UserApi.swift in Sources */ = {isa = PBXBuildFile; fileRef = 0C4F346E2688903A00BCDA64 /* UserApi.swift */; };
		0C4F34712688903A00BCDA64 /* Api.swift in Sources */ = {isa = PBXBuildFile; fileRef = 0C4F346F2688903A00BCDA64 /* Api.swift */; };
		0CBD4A0A26A4C75500E743C1 /* ImagePicker.swift in Sources */ = {isa = PBXBuildFile; fileRef = 0CBD4A0926A4C75500E743C1 /* ImagePicker.swift */; };
		0CBD4A0C26A4D35D00E743C1 /* FullWidthTextButton.swift in Sources */ = {isa = PBXBuildFile; fileRef = 0CBD4A0B26A4D35D00E743C1 /* FullWidthTextButton.swift */; };
		0CBD4A0F26A4D69E00E743C1 /* RoundedImage.swift in Sources */ = {isa = PBXBuildFile; fileRef = 0CBD4A0E26A4D69E00E743C1 /* RoundedImage.swift */; };
		0CBD4A1226A4DB3800E743C1 /* KingfisherSwiftUI in Frameworks */ = {isa = PBXBuildFile; productRef = 0CBD4A1126A4DB3800E743C1 /* KingfisherSwiftUI */; };
		0CBD4A1426A4F3AE00E743C1 /* StorageService.swift in Sources */ = {isa = PBXBuildFile; fileRef = 0CBD4A1326A4F3AE00E743C1 /* StorageService.swift */; };
		0CBD4A1726A4F4FA00E743C1 /* Ref.swift in Sources */ = {isa = PBXBuildFile; fileRef = 0CBD4A1626A4F4FA00E743C1 /* Ref.swift */; };
		0CBD4A1926A5F9DD00E743C1 /* User.swift in Sources */ = {isa = PBXBuildFile; fileRef = 0CBD4A1826A5F9DD00E743C1 /* User.swift */; };
		0CBD4A1D26A789A800E743C1 /* ImagePickerWithEditing.swift in Sources */ = {isa = PBXBuildFile; fileRef = 0CBD4A1C26A789A800E743C1 /* ImagePickerWithEditing.swift */; };
		0CBD4A2C26AB488A00E743C1 /* Message.swift in Sources */ = {isa = PBXBuildFile; fileRef = 0CBD4A2B26AB488A00E743C1 /* Message.swift */; };
		0CBD4A2E26AB4A2700E743C1 /* Inbox.swift in Sources */ = {isa = PBXBuildFile; fileRef = 0CBD4A2D26AB4A2700E743C1 /* Inbox.swift */; };
		60054928269BA94300B7D519 /* Pods_Steamy.framework in Frameworks */ = {isa = PBXBuildFile; fileRef = 46434B557561559E335A4DFB /* Pods_Steamy.framework */; };
		6005492C269BA94900B7D519 /* Pods_Steamy.framework in Frameworks */ = {isa = PBXBuildFile; fileRef = 4E9F3519E2577FA54F2FF09E /* Pods_Steamy.framework */; };
		6005497B269BAC8900B7D519 /* SteamyTests.swift in Sources */ = {isa = PBXBuildFile; fileRef = 6005497A269BAC8900B7D519 /* SteamyTests.swift */; };
		602976AD268C83C500C9B0FA /* Validation.swift in Sources */ = {isa = PBXBuildFile; fileRef = 602976AC268C83C500C9B0FA /* Validation.swift */; };
		6041934A26A8D63D006FAB1D /* CardSection.swift in Sources */ = {isa = PBXBuildFile; fileRef = 6041934926A8D63D006FAB1D /* CardSection.swift */; };
		6041935026A8D69B006FAB1D /* Card.swift in Sources */ = {isa = PBXBuildFile; fileRef = 6041934F26A8D69B006FAB1D /* Card.swift */; };
		6041935E26A8D8C5006FAB1D /* OptionSection.swift in Sources */ = {isa = PBXBuildFile; fileRef = 6041935D26A8D8C5006FAB1D /* OptionSection.swift */; };
		6041936226A8D951006FAB1D /* DiscoverySection.swift in Sources */ = {isa = PBXBuildFile; fileRef = 6041936126A8D951006FAB1D /* DiscoverySection.swift */; };
		6041937026A8DE42006FAB1D /* CView.swift in Sources */ = {isa = PBXBuildFile; fileRef = 6041936F26A8DE42006FAB1D /* CView.swift */; };
		6B334D912692CBE400CDA852 /* InnerProfileView.swift in Sources */ = {isa = PBXBuildFile; fileRef = 6B334D902692CBE400CDA852 /* InnerProfileView.swift */; };
		6B334D932692CDAC00CDA852 /* MatchScreenView.swift in Sources */ = {isa = PBXBuildFile; fileRef = 6B334D922692CDAC00CDA852 /* MatchScreenView.swift */; };
		6B334D972692D67F00CDA852 /* MessagingView.swift in Sources */ = {isa = PBXBuildFile; fileRef = 6B334D962692D67F00CDA852 /* MessagingView.swift */; };
		6B334D9D2692E60600CDA852 /* EditProfileView.swift in Sources */ = {isa = PBXBuildFile; fileRef = 6B334D9C2692E60600CDA852 /* EditProfileView.swift */; };
		6B334DA22692F72D00CDA852 /* AddProfileImagePopupView.swift in Sources */ = {isa = PBXBuildFile; fileRef = 6B334DA12692F72D00CDA852 /* AddProfileImagePopupView.swift */; };
		6B586E7C268AED1000993048 /* ForgotPasswordView.swift in Sources */ = {isa = PBXBuildFile; fileRef = 6B586E7B268AED1000993048 /* ForgotPasswordView.swift */; };
		6B8399CA267D8F5E00F77B41 /* Sign_OR_Log_UIView.swift in Sources */ = {isa = PBXBuildFile; fileRef = 6B8399C9267D8F5E00F77B41 /* Sign_OR_Log_UIView.swift */; };
		6BD9B77C26868B7C00D8726E /* App_logo.png in Resources */ = {isa = PBXBuildFile; fileRef = 6BD9B77B26868B7B00D8726E /* App_logo.png */; };
		6BE65D74267A3328000CAD5E /* SteamyApp.swift in Sources */ = {isa = PBXBuildFile; fileRef = 6BE65D73267A3328000CAD5E /* SteamyApp.swift */; };
		6BE65D76267A3328000CAD5E /* ContentView.swift in Sources */ = {isa = PBXBuildFile; fileRef = 6BE65D75267A3328000CAD5E /* ContentView.swift */; };
		6BE65D78267A332A000CAD5E /* Assets.xcassets in Resources */ = {isa = PBXBuildFile; fileRef = 6BE65D77267A332A000CAD5E /* Assets.xcassets */; };
		6BE65D7B267A332A000CAD5E /* Preview Assets.xcassets in Resources */ = {isa = PBXBuildFile; fileRef = 6BE65D7A267A332A000CAD5E /* Preview Assets.xcassets */; };
		6BE6CFF72680201C00C1A094 /* SignUpView.swift in Sources */ = {isa = PBXBuildFile; fileRef = 6BE6CFF62680201C00C1A094 /* SignUpView.swift */; };
		6BE6CFF92680DC7B00C1A094 /* LoginView.swift in Sources */ = {isa = PBXBuildFile; fileRef = 6BE6CFF82680DC7B00C1A094 /* LoginView.swift */; };
		6BFE094026865E3B008261D4 /* ProfileView.swift in Sources */ = {isa = PBXBuildFile; fileRef = 6BFE093F26865E3B008261D4 /* ProfileView.swift */; };
		6BFE096926866AE1008261D4 /* Account.swift in Sources */ = {isa = PBXBuildFile; fileRef = 6BFE096826866AE1008261D4 /* Account.swift */; };
/* End PBXBuildFile section */

/* Begin PBXContainerItemProxy section */
		6005497D269BAC8900B7D519 /* PBXContainerItemProxy */ = {
			isa = PBXContainerItemProxy;
			containerPortal = 6BE65D68267A3328000CAD5E /* Project object */;
			proxyType = 1;
			remoteGlobalIDString = 6BE65D6F267A3328000CAD5E;
			remoteInfo = Steamy;
		};
/* End PBXContainerItemProxy section */

/* Begin PBXFileReference section */
		0C09BE4026A24E14000A2B29 /* Extension.swift */ = {isa = PBXFileReference; lastKnownFileType = sourcecode.swift; path = Extension.swift; sourceTree = "<group>"; };
		0C4ED2192682353100DB60BB /* GoogleService-Info.plist */ = {isa = PBXFileReference; fileEncoding = 4; lastKnownFileType = text.plist.xml; path = "GoogleService-Info.plist"; sourceTree = "<group>"; };
		0C4F346E2688903A00BCDA64 /* UserApi.swift */ = {isa = PBXFileReference; fileEncoding = 4; lastKnownFileType = sourcecode.swift; path = UserApi.swift; sourceTree = "<group>"; };
		0C4F346F2688903A00BCDA64 /* Api.swift */ = {isa = PBXFileReference; fileEncoding = 4; lastKnownFileType = sourcecode.swift; path = Api.swift; sourceTree = "<group>"; };
		0CBD4A0926A4C75500E743C1 /* ImagePicker.swift */ = {isa = PBXFileReference; lastKnownFileType = sourcecode.swift; path = ImagePicker.swift; sourceTree = "<group>"; };
		0CBD4A0B26A4D35D00E743C1 /* FullWidthTextButton.swift */ = {isa = PBXFileReference; lastKnownFileType = sourcecode.swift; path = FullWidthTextButton.swift; sourceTree = "<group>"; };
		0CBD4A0E26A4D69E00E743C1 /* RoundedImage.swift */ = {isa = PBXFileReference; lastKnownFileType = sourcecode.swift; path = RoundedImage.swift; sourceTree = "<group>"; };
		0CBD4A1326A4F3AE00E743C1 /* StorageService.swift */ = {isa = PBXFileReference; lastKnownFileType = sourcecode.swift; path = StorageService.swift; sourceTree = "<group>"; };
		0CBD4A1626A4F4FA00E743C1 /* Ref.swift */ = {isa = PBXFileReference; lastKnownFileType = sourcecode.swift; path = Ref.swift; sourceTree = "<group>"; };
		0CBD4A1826A5F9DD00E743C1 /* User.swift */ = {isa = PBXFileReference; lastKnownFileType = sourcecode.swift; path = User.swift; sourceTree = "<group>"; };
		0CBD4A1C26A789A800E743C1 /* ImagePickerWithEditing.swift */ = {isa = PBXFileReference; lastKnownFileType = sourcecode.swift; path = ImagePickerWithEditing.swift; sourceTree = "<group>"; };
		0CBD4A2B26AB488A00E743C1 /* Message.swift */ = {isa = PBXFileReference; lastKnownFileType = sourcecode.swift; path = Message.swift; sourceTree = "<group>"; };
		0CBD4A2D26AB4A2700E743C1 /* Inbox.swift */ = {isa = PBXFileReference; lastKnownFileType = sourcecode.swift; path = Inbox.swift; sourceTree = "<group>"; };
		3EF32FB3739168214BC42CC5 /* Pods-Steamy.release.xcconfig */ = {isa = PBXFileReference; includeInIndex = 1; lastKnownFileType = text.xcconfig; name = "Pods-Steamy.release.xcconfig"; path = "Target Support Files/Pods-Steamy/Pods-Steamy.release.xcconfig"; sourceTree = "<group>"; };
		46434B557561559E335A4DFB /* Pods_Steamy.framework */ = {isa = PBXFileReference; explicitFileType = wrapper.framework; includeInIndex = 0; path = Pods_Steamy.framework; sourceTree = BUILT_PRODUCTS_DIR; };
		4B95917974171FE22AC22E0C /* Pods-Steamy.debug.xcconfig */ = {isa = PBXFileReference; includeInIndex = 1; lastKnownFileType = text.xcconfig; name = "Pods-Steamy.debug.xcconfig"; path = "Target Support Files/Pods-Steamy/Pods-Steamy.debug.xcconfig"; sourceTree = "<group>"; };
		4E9F3519E2577FA54F2FF09E /* Pods_Steamy.framework */ = {isa = PBXFileReference; explicitFileType = wrapper.framework; includeInIndex = 0; path = Pods_Steamy.framework; sourceTree = BUILT_PRODUCTS_DIR; };
		60054978269BAC8900B7D519 /* SteamyTests.xctest */ = {isa = PBXFileReference; explicitFileType = wrapper.cfbundle; includeInIndex = 0; path = SteamyTests.xctest; sourceTree = BUILT_PRODUCTS_DIR; };
		6005497A269BAC8900B7D519 /* SteamyTests.swift */ = {isa = PBXFileReference; lastKnownFileType = sourcecode.swift; path = SteamyTests.swift; sourceTree = "<group>"; };
		6005497C269BAC8900B7D519 /* Info.plist */ = {isa = PBXFileReference; lastKnownFileType = text.plist.xml; path = Info.plist; sourceTree = "<group>"; };
		602976AC268C83C500C9B0FA /* Validation.swift */ = {isa = PBXFileReference; lastKnownFileType = sourcecode.swift; path = Validation.swift; sourceTree = "<group>"; };
		6041934926A8D63D006FAB1D /* CardSection.swift */ = {isa = PBXFileReference; lastKnownFileType = sourcecode.swift; path = CardSection.swift; sourceTree = "<group>"; };
		6041934F26A8D69B006FAB1D /* Card.swift */ = {isa = PBXFileReference; lastKnownFileType = sourcecode.swift; path = Card.swift; sourceTree = "<group>"; };
		6041935D26A8D8C5006FAB1D /* OptionSection.swift */ = {isa = PBXFileReference; lastKnownFileType = sourcecode.swift; path = OptionSection.swift; sourceTree = "<group>"; };
		6041936126A8D951006FAB1D /* DiscoverySection.swift */ = {isa = PBXFileReference; lastKnownFileType = sourcecode.swift; path = DiscoverySection.swift; sourceTree = "<group>"; };
		6041936F26A8DE42006FAB1D /* CView.swift */ = {isa = PBXFileReference; lastKnownFileType = sourcecode.swift; path = CView.swift; sourceTree = "<group>"; };
		6B334D902692CBE400CDA852 /* InnerProfileView.swift */ = {isa = PBXFileReference; lastKnownFileType = sourcecode.swift; path = InnerProfileView.swift; sourceTree = "<group>"; };
		6B334D922692CDAC00CDA852 /* MatchScreenView.swift */ = {isa = PBXFileReference; lastKnownFileType = sourcecode.swift; path = MatchScreenView.swift; sourceTree = "<group>"; };
		6B334D962692D67F00CDA852 /* MessagingView.swift */ = {isa = PBXFileReference; lastKnownFileType = sourcecode.swift; path = MessagingView.swift; sourceTree = "<group>"; };
		6B334D9C2692E60600CDA852 /* EditProfileView.swift */ = {isa = PBXFileReference; lastKnownFileType = sourcecode.swift; path = EditProfileView.swift; sourceTree = "<group>"; };
		6B334DA12692F72D00CDA852 /* AddProfileImagePopupView.swift */ = {isa = PBXFileReference; lastKnownFileType = sourcecode.swift; path = AddProfileImagePopupView.swift; sourceTree = "<group>"; };
		6B586E7B268AED1000993048 /* ForgotPasswordView.swift */ = {isa = PBXFileReference; lastKnownFileType = sourcecode.swift; path = ForgotPasswordView.swift; sourceTree = "<group>"; };
		6B8399C9267D8F5E00F77B41 /* Sign_OR_Log_UIView.swift */ = {isa = PBXFileReference; lastKnownFileType = sourcecode.swift; path = Sign_OR_Log_UIView.swift; sourceTree = "<group>"; };
		6BD9B77B26868B7B00D8726E /* App_logo.png */ = {isa = PBXFileReference; lastKnownFileType = image.png; path = App_logo.png; sourceTree = "<group>"; };
		6BE65D70267A3328000CAD5E /* Steamy.app */ = {isa = PBXFileReference; explicitFileType = wrapper.application; includeInIndex = 0; path = Steamy.app; sourceTree = BUILT_PRODUCTS_DIR; };
		6BE65D73267A3328000CAD5E /* SteamyApp.swift */ = {isa = PBXFileReference; lastKnownFileType = sourcecode.swift; path = SteamyApp.swift; sourceTree = "<group>"; };
		6BE65D75267A3328000CAD5E /* ContentView.swift */ = {isa = PBXFileReference; lastKnownFileType = sourcecode.swift; path = ContentView.swift; sourceTree = "<group>"; };
		6BE65D77267A332A000CAD5E /* Assets.xcassets */ = {isa = PBXFileReference; lastKnownFileType = folder.assetcatalog; path = Assets.xcassets; sourceTree = "<group>"; };
		6BE65D7A267A332A000CAD5E /* Preview Assets.xcassets */ = {isa = PBXFileReference; lastKnownFileType = folder.assetcatalog; path = "Preview Assets.xcassets"; sourceTree = "<group>"; };
		6BE65D7C267A332A000CAD5E /* Info.plist */ = {isa = PBXFileReference; lastKnownFileType = text.plist.xml; path = Info.plist; sourceTree = "<group>"; };
		6BE6CFF62680201C00C1A094 /* SignUpView.swift */ = {isa = PBXFileReference; lastKnownFileType = sourcecode.swift; path = SignUpView.swift; sourceTree = "<group>"; };
		6BE6CFF82680DC7B00C1A094 /* LoginView.swift */ = {isa = PBXFileReference; lastKnownFileType = sourcecode.swift; path = LoginView.swift; sourceTree = "<group>"; };
		6BFE093F26865E3B008261D4 /* ProfileView.swift */ = {isa = PBXFileReference; lastKnownFileType = sourcecode.swift; path = ProfileView.swift; sourceTree = "<group>"; };
		6BFE096826866AE1008261D4 /* Account.swift */ = {isa = PBXFileReference; lastKnownFileType = sourcecode.swift; path = Account.swift; sourceTree = "<group>"; };
/* End PBXFileReference section */

/* Begin PBXFrameworksBuildPhase section */
		60054975269BAC8900B7D519 /* Frameworks */ = {
			isa = PBXFrameworksBuildPhase;
			buildActionMask = 2147483647;
			files = (
			);
			runOnlyForDeploymentPostprocessing = 0;
		};
		6BE65D6D267A3328000CAD5E /* Frameworks */ = {
			isa = PBXFrameworksBuildPhase;
			buildActionMask = 2147483647;
			files = (
				0CBD4A1226A4DB3800E743C1 /* KingfisherSwiftUI in Frameworks */,
				60054928269BA94300B7D519 /* Pods_Steamy.framework in Frameworks */,
				6005492C269BA94900B7D519 /* Pods_Steamy.framework in Frameworks */,
			);
			runOnlyForDeploymentPostprocessing = 0;
		};
/* End PBXFrameworksBuildPhase section */

/* Begin PBXGroup section */
		0C09BE3F26A24DC4000A2B29 /* Extensions */ = {
			isa = PBXGroup;
			children = (
				0C09BE4026A24E14000A2B29 /* Extension.swift */,
			);
			path = Extensions;
			sourceTree = "<group>";
		};
		0CBD4A0D26A4D5BB00E743C1 /* ViewComponent */ = {
			isa = PBXGroup;
			children = (
				0CBD4A0926A4C75500E743C1 /* ImagePicker.swift */,
				0CBD4A1C26A789A800E743C1 /* ImagePickerWithEditing.swift */,
				0CBD4A0B26A4D35D00E743C1 /* FullWidthTextButton.swift */,
				0CBD4A0E26A4D69E00E743C1 /* RoundedImage.swift */,
			);
			path = ViewComponent;
			sourceTree = "<group>";
		};
		0CBD4A1526A4F3D600E743C1 /* API */ = {
			isa = PBXGroup;
			children = (
				0C4F346F2688903A00BCDA64 /* Api.swift */,
				0C4F346E2688903A00BCDA64 /* UserApi.swift */,
				0CBD4A1326A4F3AE00E743C1 /* StorageService.swift */,
				0CBD4A1626A4F4FA00E743C1 /* Ref.swift */,
			);
			path = API;
			sourceTree = "<group>";
		};
		0F0075C931F70AFB3F5E4811 /* Frameworks */ = {
			isa = PBXGroup;
			children = (
				4E9F3519E2577FA54F2FF09E /* Pods_Steamy.framework */,
			);
			name = Frameworks;
			sourceTree = "<group>";
		};
		60054979269BAC8900B7D519 /* SteamyTests */ = {
			isa = PBXGroup;
			children = (
				6005497A269BAC8900B7D519 /* SteamyTests.swift */,
				6005497C269BAC8900B7D519 /* Info.plist */,
			);
			path = SteamyTests;
			sourceTree = "<group>";
		};
		6041934026A8D553006FAB1D /* Sections */ = {
			isa = PBXGroup;
			children = (
				6041936126A8D951006FAB1D /* DiscoverySection.swift */,
				6041934926A8D63D006FAB1D /* CardSection.swift */,
				6041935D26A8D8C5006FAB1D /* OptionSection.swift */,
			);
			path = Sections;
			sourceTree = "<group>";
		};
		6B334D9E2692EB4A00CDA852 /* Important Screen Views */ = {
			isa = PBXGroup;
			children = (
				6B334D962692D67F00CDA852 /* MessagingView.swift */,
				6BE65D75267A3328000CAD5E /* ContentView.swift */,
				6B8399C9267D8F5E00F77B41 /* Sign_OR_Log_UIView.swift */,
				6BE6CFF62680201C00C1A094 /* SignUpView.swift */,
				6B586E7B268AED1000993048 /* ForgotPasswordView.swift */,
				6B334D922692CDAC00CDA852 /* MatchScreenView.swift */,
				6BFE093F26865E3B008261D4 /* ProfileView.swift */,
				6BE6CFF82680DC7B00C1A094 /* LoginView.swift */,
				6041936F26A8DE42006FAB1D /* CView.swift */,
			);
			path = "Important Screen Views";
			sourceTree = "<group>";
		};
		6BE65D67267A3328000CAD5E = {
			isa = PBXGroup;
			children = (
				6BE65D72267A3328000CAD5E /* Steamy */,
				60054979269BAC8900B7D519 /* SteamyTests */,
				6BE65D71267A3328000CAD5E /* Products */,
				0F0075C931F70AFB3F5E4811 /* Frameworks */,
				E42C25D58E8DFF673273ECEE /* Pods */,
			);
			sourceTree = "<group>";
		};
		6BE65D71267A3328000CAD5E /* Products */ = {
			isa = PBXGroup;
			children = (
				6BE65D70267A3328000CAD5E /* Steamy.app */,
				60054978269BAC8900B7D519 /* SteamyTests.xctest */,
			);
			name = Products;
			sourceTree = "<group>";
		};
		6BE65D72267A3328000CAD5E /* Steamy */ = {
			isa = PBXGroup;
			children = (
				6BE65D73267A3328000CAD5E /* SteamyApp.swift */,
				6BFE0966268667F5008261D4 /* Views */,
				0CBD4A1526A4F3D600E743C1 /* API */,
				6BFE09672686697A008261D4 /* Model */,
				0CBD4A0D26A4D5BB00E743C1 /* ViewComponent */,
				0C09BE3F26A24DC4000A2B29 /* Extensions */,
				6BE65D79267A332A000CAD5E /* Preview Content */,
				6BFE096A26866FE2008261D4 /* Resources */,
				C3091A7A582A754A270DFA67 /* Frameworks */,
				0C4ED2192682353100DB60BB /* GoogleService-Info.plist */,
			);
			path = Steamy;
			sourceTree = "<group>";
		};
		6BE65D79267A332A000CAD5E /* Preview Content */ = {
			isa = PBXGroup;
			children = (
				6BE65D7A267A332A000CAD5E /* Preview Assets.xcassets */,
			);
			path = "Preview Content";
			sourceTree = "<group>";
		};
		6BFE0966268667F5008261D4 /* Views */ = {
			isa = PBXGroup;
			children = (
				6041934F26A8D69B006FAB1D /* Card.swift */,
				6041934026A8D553006FAB1D /* Sections */,
				6B334D9E2692EB4A00CDA852 /* Important Screen Views */,
				602976AC268C83C500C9B0FA /* Validation.swift */,
				6B334D902692CBE400CDA852 /* InnerProfileView.swift */,
				6B334D9C2692E60600CDA852 /* EditProfileView.swift */,
				6B334DA12692F72D00CDA852 /* AddProfileImagePopupView.swift */,
			);
			path = Views;
			sourceTree = "<group>";
		};
		6BFE09672686697A008261D4 /* Model */ = {
			isa = PBXGroup;
			children = (
				6BFE096826866AE1008261D4 /* Account.swift */,
				0CBD4A1826A5F9DD00E743C1 /* User.swift */,
				0CBD4A2B26AB488A00E743C1 /* Message.swift */,
				0CBD4A2D26AB4A2700E743C1 /* Inbox.swift */,
			);
			path = Model;
			sourceTree = "<group>";
		};
		6BFE096A26866FE2008261D4 /* Resources */ = {
			isa = PBXGroup;
			children = (
				6BE65D77267A332A000CAD5E /* Assets.xcassets */,
				6BE65D7C267A332A000CAD5E /* Info.plist */,
				6BD9B77B26868B7B00D8726E /* App_logo.png */,
			);
			path = Resources;
			sourceTree = "<group>";
		};
		C3091A7A582A754A270DFA67 /* Frameworks */ = {
			isa = PBXGroup;
			children = (
				46434B557561559E335A4DFB /* Pods_Steamy.framework */,
			);
			name = Frameworks;
			path = ..;
			sourceTree = "<group>";
		};
		E42C25D58E8DFF673273ECEE /* Pods */ = {
			isa = PBXGroup;
			children = (
				4B95917974171FE22AC22E0C /* Pods-Steamy.debug.xcconfig */,
				3EF32FB3739168214BC42CC5 /* Pods-Steamy.release.xcconfig */,
			);
			path = Pods;
			sourceTree = "<group>";
		};
/* End PBXGroup section */

/* Begin PBXNativeTarget section */
		60054977269BAC8900B7D519 /* SteamyTests */ = {
			isa = PBXNativeTarget;
			buildConfigurationList = 6005497F269BAC8900B7D519 /* Build configuration list for PBXNativeTarget "SteamyTests" */;
			buildPhases = (
				60054974269BAC8900B7D519 /* Sources */,
				60054975269BAC8900B7D519 /* Frameworks */,
				60054976269BAC8900B7D519 /* Resources */,
			);
			buildRules = (
			);
			dependencies = (
				6005497E269BAC8900B7D519 /* PBXTargetDependency */,
			);
			name = SteamyTests;
			productName = SteamyTests;
			productReference = 60054978269BAC8900B7D519 /* SteamyTests.xctest */;
			productType = "com.apple.product-type.bundle.unit-test";
		};
		6BE65D6F267A3328000CAD5E /* Steamy */ = {
			isa = PBXNativeTarget;
			buildConfigurationList = 6BE65D7F267A332A000CAD5E /* Build configuration list for PBXNativeTarget "Steamy" */;
			buildPhases = (
				D1CE8413BE729ABAE4252134 /* [CP] Check Pods Manifest.lock */,
				6BE65D6C267A3328000CAD5E /* Sources */,
				6BE65D6D267A3328000CAD5E /* Frameworks */,
				6BE65D6E267A3328000CAD5E /* Resources */,
				81713B1445EEA7D31F92019A /* [CP] Embed Pods Frameworks */,
			);
			buildRules = (
			);
			dependencies = (
			);
			name = Steamy;
			packageProductDependencies = (
				0CBD4A1126A4DB3800E743C1 /* KingfisherSwiftUI */,
			);
			productName = Steamy;
			productReference = 6BE65D70267A3328000CAD5E /* Steamy.app */;
			productType = "com.apple.product-type.application";
		};
/* End PBXNativeTarget section */

/* Begin PBXProject section */
		6BE65D68267A3328000CAD5E /* Project object */ = {
			isa = PBXProject;
			attributes = {
				LastSwiftUpdateCheck = 1240;
				LastUpgradeCheck = 1250;
				TargetAttributes = {
					60054977269BAC8900B7D519 = {
						CreatedOnToolsVersion = 12.4;
						TestTargetID = 6BE65D6F267A3328000CAD5E;
					};
					6BE65D6F267A3328000CAD5E = {
						CreatedOnToolsVersion = 12.5;
					};
				};
			};
			buildConfigurationList = 6BE65D6B267A3328000CAD5E /* Build configuration list for PBXProject "Steamy" */;
			compatibilityVersion = "Xcode 9.3";
			developmentRegion = en;
			hasScannedForEncodings = 0;
			knownRegions = (
				en,
				Base,
			);
			mainGroup = 6BE65D67267A3328000CAD5E;
			packageReferences = (
				0CBD4A1026A4DB3800E743C1 /* XCRemoteSwiftPackageReference "Kingfisher" */,
			);
			productRefGroup = 6BE65D71267A3328000CAD5E /* Products */;
			projectDirPath = "";
			projectRoot = "";
			targets = (
				6BE65D6F267A3328000CAD5E /* Steamy */,
				60054977269BAC8900B7D519 /* SteamyTests */,
			);
		};
/* End PBXProject section */

/* Begin PBXResourcesBuildPhase section */
		60054976269BAC8900B7D519 /* Resources */ = {
			isa = PBXResourcesBuildPhase;
			buildActionMask = 2147483647;
			files = (
			);
			runOnlyForDeploymentPostprocessing = 0;
		};
		6BE65D6E267A3328000CAD5E /* Resources */ = {
			isa = PBXResourcesBuildPhase;
			buildActionMask = 2147483647;
			files = (
				6BE65D7B267A332A000CAD5E /* Preview Assets.xcassets in Resources */,
				0C4ED21A2682353100DB60BB /* GoogleService-Info.plist in Resources */,
				6BE65D78267A332A000CAD5E /* Assets.xcassets in Resources */,
				6BD9B77C26868B7C00D8726E /* App_logo.png in Resources */,
			);
			runOnlyForDeploymentPostprocessing = 0;
		};
/* End PBXResourcesBuildPhase section */

/* Begin PBXShellScriptBuildPhase section */
		81713B1445EEA7D31F92019A /* [CP] Embed Pods Frameworks */ = {
			isa = PBXShellScriptBuildPhase;
			buildActionMask = 2147483647;
			files = (
			);
			inputFileListPaths = (
				"${PODS_ROOT}/Target Support Files/Pods-Steamy/Pods-Steamy-frameworks-${CONFIGURATION}-input-files.xcfilelist",
			);
			name = "[CP] Embed Pods Frameworks";
			outputFileListPaths = (
				"${PODS_ROOT}/Target Support Files/Pods-Steamy/Pods-Steamy-frameworks-${CONFIGURATION}-output-files.xcfilelist",
			);
			runOnlyForDeploymentPostprocessing = 0;
			shellPath = /bin/sh;
			shellScript = "\"${PODS_ROOT}/Target Support Files/Pods-Steamy/Pods-Steamy-frameworks.sh\"\n";
			showEnvVarsInLog = 0;
		};
		D1CE8413BE729ABAE4252134 /* [CP] Check Pods Manifest.lock */ = {
			isa = PBXShellScriptBuildPhase;
			buildActionMask = 2147483647;
			files = (
			);
			inputFileListPaths = (
			);
			inputPaths = (
				"${PODS_PODFILE_DIR_PATH}/Podfile.lock",
				"${PODS_ROOT}/Manifest.lock",
			);
			name = "[CP] Check Pods Manifest.lock";
			outputFileListPaths = (
			);
			outputPaths = (
				"$(DERIVED_FILE_DIR)/Pods-Steamy-checkManifestLockResult.txt",
			);
			runOnlyForDeploymentPostprocessing = 0;
			shellPath = /bin/sh;
			shellScript = "diff \"${PODS_PODFILE_DIR_PATH}/Podfile.lock\" \"${PODS_ROOT}/Manifest.lock\" > /dev/null\nif [ $? != 0 ] ; then\n    # print error to STDERR\n    echo \"error: The sandbox is not in sync with the Podfile.lock. Run 'pod install' or update your CocoaPods installation.\" >&2\n    exit 1\nfi\n# This output is used by Xcode 'outputs' to avoid re-running this script phase.\necho \"SUCCESS\" > \"${SCRIPT_OUTPUT_FILE_0}\"\n";
			showEnvVarsInLog = 0;
		};
/* End PBXShellScriptBuildPhase section */

/* Begin PBXSourcesBuildPhase section */
		60054974269BAC8900B7D519 /* Sources */ = {
			isa = PBXSourcesBuildPhase;
			buildActionMask = 2147483647;
			files = (
				6005497B269BAC8900B7D519 /* SteamyTests.swift in Sources */,
			);
			runOnlyForDeploymentPostprocessing = 0;
		};
		6BE65D6C267A3328000CAD5E /* Sources */ = {
			isa = PBXSourcesBuildPhase;
			buildActionMask = 2147483647;
			files = (
				6B334D9D2692E60600CDA852 /* EditProfileView.swift in Sources */,
				0C4F34712688903A00BCDA64 /* Api.swift in Sources */,
				6041936226A8D951006FAB1D /* DiscoverySection.swift in Sources */,
				0CBD4A1726A4F4FA00E743C1 /* Ref.swift in Sources */,
				6BE6CFF72680201C00C1A094 /* SignUpView.swift in Sources */,
				602976AD268C83C500C9B0FA /* Validation.swift in Sources */,
				6B334D972692D67F00CDA852 /* MessagingView.swift in Sources */,
				6B334DA22692F72D00CDA852 /* AddProfileImagePopupView.swift in Sources */,
				0CBD4A1D26A789A800E743C1 /* ImagePickerWithEditing.swift in Sources */,
				0CBD4A0A26A4C75500E743C1 /* ImagePicker.swift in Sources */,
				6041935026A8D69B006FAB1D /* Card.swift in Sources */,
				0CBD4A0C26A4D35D00E743C1 /* FullWidthTextButton.swift in Sources */,
				0CBD4A1426A4F3AE00E743C1 /* StorageService.swift in Sources */,
				0CBD4A0F26A4D69E00E743C1 /* RoundedImage.swift in Sources */,
				0C4F34702688903A00BCDA64 /* UserApi.swift in Sources */,
				6041937026A8DE42006FAB1D /* CView.swift in Sources */,
				0CBD4A2E26AB4A2700E743C1 /* Inbox.swift in Sources */,
				6B334D932692CDAC00CDA852 /* MatchScreenView.swift in Sources */,
				6041934A26A8D63D006FAB1D /* CardSection.swift in Sources */,
				0C09BE4126A24E14000A2B29 /* Extension.swift in Sources */,
				6BE65D76267A3328000CAD5E /* ContentView.swift in Sources */,
				6B8399CA267D8F5E00F77B41 /* Sign_OR_Log_UIView.swift in Sources */,
				6BE6CFF92680DC7B00C1A094 /* LoginView.swift in Sources */,
				6041935E26A8D8C5006FAB1D /* OptionSection.swift in Sources */,
				6BFE094026865E3B008261D4 /* ProfileView.swift in Sources */,
				6BE65D74267A3328000CAD5E /* SteamyApp.swift in Sources */,
				0CBD4A1926A5F9DD00E743C1 /* User.swift in Sources */,
				6B586E7C268AED1000993048 /* ForgotPasswordView.swift in Sources */,
				0CBD4A2C26AB488A00E743C1 /* Message.swift in Sources */,
				6B334D912692CBE400CDA852 /* InnerProfileView.swift in Sources */,
				6BFE096926866AE1008261D4 /* Account.swift in Sources */,
			);
			runOnlyForDeploymentPostprocessing = 0;
		};
/* End PBXSourcesBuildPhase section */

/* Begin PBXTargetDependency section */
		6005497E269BAC8900B7D519 /* PBXTargetDependency */ = {
			isa = PBXTargetDependency;
			target = 6BE65D6F267A3328000CAD5E /* Steamy */;
			targetProxy = 6005497D269BAC8900B7D519 /* PBXContainerItemProxy */;
		};
/* End PBXTargetDependency section */

/* Begin XCBuildConfiguration section */
		60054980269BAC8900B7D519 /* Debug */ = {
			isa = XCBuildConfiguration;
			buildSettings = {
				BUNDLE_LOADER = "$(TEST_HOST)";
				CODE_SIGN_STYLE = Automatic;
				DEVELOPMENT_TEAM = 93Y3PSZG8S;
				FRAMEWORK_SEARCH_PATHS = "$(SRCROOT)/**";
				HEADER_SEARCH_PATHS = "$(SRCROOT)/Pods/Firebase/CoreOnly/Sources";
				INFOPLIST_FILE = SteamyTests/Info.plist;
				LD_RUNPATH_SEARCH_PATHS = (
					"$(inherited)",
					"@executable_path/Frameworks",
					"@loader_path/Frameworks",
				);
				PRODUCT_BUNDLE_IDENTIFIER = com.mikkhail.SteamyTests;
				PRODUCT_NAME = "$(TARGET_NAME)";
				SWIFT_VERSION = 5.0;
				TARGETED_DEVICE_FAMILY = "1,2";
				TEST_HOST = "$(BUILT_PRODUCTS_DIR)/Steamy.app/Steamy";
			};
			name = Debug;
		};
		60054981269BAC8900B7D519 /* Release */ = {
			isa = XCBuildConfiguration;
			buildSettings = {
				BUNDLE_LOADER = "$(TEST_HOST)";
				CODE_SIGN_STYLE = Automatic;
				DEVELOPMENT_TEAM = 93Y3PSZG8S;
				FRAMEWORK_SEARCH_PATHS = "$(SRCROOT)/**";
				HEADER_SEARCH_PATHS = "$(SRCROOT)/Pods/Firebase/CoreOnly/Sources";
				INFOPLIST_FILE = SteamyTests/Info.plist;
				LD_RUNPATH_SEARCH_PATHS = (
					"$(inherited)",
					"@executable_path/Frameworks",
					"@loader_path/Frameworks",
				);
				PRODUCT_BUNDLE_IDENTIFIER = com.mikkhail.SteamyTests;
				PRODUCT_NAME = "$(TARGET_NAME)";
				SWIFT_VERSION = 5.0;
				TARGETED_DEVICE_FAMILY = "1,2";
				TEST_HOST = "$(BUILT_PRODUCTS_DIR)/Steamy.app/Steamy";
			};
			name = Release;
		};
		6BE65D7D267A332A000CAD5E /* Debug */ = {
			isa = XCBuildConfiguration;
			buildSettings = {
				ALWAYS_SEARCH_USER_PATHS = YES;
				CLANG_ANALYZER_NONNULL = YES;
				CLANG_ANALYZER_NUMBER_OBJECT_CONVERSION = YES_AGGRESSIVE;
				CLANG_CXX_LANGUAGE_STANDARD = "gnu++14";
				CLANG_CXX_LIBRARY = "libc++";
				CLANG_ENABLE_MODULES = YES;
				CLANG_ENABLE_OBJC_ARC = YES;
				CLANG_ENABLE_OBJC_WEAK = YES;
				CLANG_WARN_BLOCK_CAPTURE_AUTORELEASING = YES;
				CLANG_WARN_BOOL_CONVERSION = YES;
				CLANG_WARN_COMMA = YES;
				CLANG_WARN_CONSTANT_CONVERSION = YES;
				CLANG_WARN_DEPRECATED_OBJC_IMPLEMENTATIONS = YES;
				CLANG_WARN_DIRECT_OBJC_ISA_USAGE = YES_ERROR;
				CLANG_WARN_DOCUMENTATION_COMMENTS = YES;
				CLANG_WARN_EMPTY_BODY = YES;
				CLANG_WARN_ENUM_CONVERSION = YES;
				CLANG_WARN_INFINITE_RECURSION = YES;
				CLANG_WARN_INT_CONVERSION = YES;
				CLANG_WARN_NON_LITERAL_NULL_CONVERSION = YES;
				CLANG_WARN_OBJC_IMPLICIT_RETAIN_SELF = YES;
				CLANG_WARN_OBJC_LITERAL_CONVERSION = YES;
				CLANG_WARN_OBJC_ROOT_CLASS = YES_ERROR;
				CLANG_WARN_QUOTED_INCLUDE_IN_FRAMEWORK_HEADER = YES;
				CLANG_WARN_RANGE_LOOP_ANALYSIS = YES;
				CLANG_WARN_STRICT_PROTOTYPES = YES;
				CLANG_WARN_SUSPICIOUS_MOVE = YES;
				CLANG_WARN_UNGUARDED_AVAILABILITY = YES_AGGRESSIVE;
				CLANG_WARN_UNREACHABLE_CODE = YES;
				CLANG_WARN__DUPLICATE_METHOD_MATCH = YES;
				COPY_PHASE_STRIP = NO;
				DEBUG_INFORMATION_FORMAT = dwarf;
				ENABLE_ON_DEMAND_RESOURCES = NO;
				ENABLE_STRICT_OBJC_MSGSEND = YES;
				ENABLE_TESTABILITY = YES;
				GCC_C_LANGUAGE_STANDARD = gnu11;
				GCC_DYNAMIC_NO_PIC = NO;
				GCC_NO_COMMON_BLOCKS = YES;
				GCC_OPTIMIZATION_LEVEL = 0;
				GCC_PREPROCESSOR_DEFINITIONS = (
					"DEBUG=1",
					"$(inherited)",
				);
				GCC_WARN_64_TO_32_BIT_CONVERSION = YES;
				GCC_WARN_ABOUT_RETURN_TYPE = YES_ERROR;
				GCC_WARN_UNDECLARED_SELECTOR = YES;
				GCC_WARN_UNINITIALIZED_AUTOS = YES_AGGRESSIVE;
				GCC_WARN_UNUSED_FUNCTION = YES;
				GCC_WARN_UNUSED_VARIABLE = YES;
				IPHONEOS_DEPLOYMENT_TARGET = 14.4;
				MTL_ENABLE_DEBUG_INFO = INCLUDE_SOURCE;
				MTL_FAST_MATH = YES;
				ONLY_ACTIVE_ARCH = YES;
				SDKROOT = iphoneos;
				SWIFT_ACTIVE_COMPILATION_CONDITIONS = DEBUG;
				SWIFT_OPTIMIZATION_LEVEL = "-Onone";
			};
			name = Debug;
		};
		6BE65D7E267A332A000CAD5E /* Release */ = {
			isa = XCBuildConfiguration;
			buildSettings = {
				ALWAYS_SEARCH_USER_PATHS = YES;
				CLANG_ANALYZER_NONNULL = YES;
				CLANG_ANALYZER_NUMBER_OBJECT_CONVERSION = YES_AGGRESSIVE;
				CLANG_CXX_LANGUAGE_STANDARD = "gnu++14";
				CLANG_CXX_LIBRARY = "libc++";
				CLANG_ENABLE_MODULES = YES;
				CLANG_ENABLE_OBJC_ARC = YES;
				CLANG_ENABLE_OBJC_WEAK = YES;
				CLANG_WARN_BLOCK_CAPTURE_AUTORELEASING = YES;
				CLANG_WARN_BOOL_CONVERSION = YES;
				CLANG_WARN_COMMA = YES;
				CLANG_WARN_CONSTANT_CONVERSION = YES;
				CLANG_WARN_DEPRECATED_OBJC_IMPLEMENTATIONS = YES;
				CLANG_WARN_DIRECT_OBJC_ISA_USAGE = YES_ERROR;
				CLANG_WARN_DOCUMENTATION_COMMENTS = YES;
				CLANG_WARN_EMPTY_BODY = YES;
				CLANG_WARN_ENUM_CONVERSION = YES;
				CLANG_WARN_INFINITE_RECURSION = YES;
				CLANG_WARN_INT_CONVERSION = YES;
				CLANG_WARN_NON_LITERAL_NULL_CONVERSION = YES;
				CLANG_WARN_OBJC_IMPLICIT_RETAIN_SELF = YES;
				CLANG_WARN_OBJC_LITERAL_CONVERSION = YES;
				CLANG_WARN_OBJC_ROOT_CLASS = YES_ERROR;
				CLANG_WARN_QUOTED_INCLUDE_IN_FRAMEWORK_HEADER = YES;
				CLANG_WARN_RANGE_LOOP_ANALYSIS = YES;
				CLANG_WARN_STRICT_PROTOTYPES = YES;
				CLANG_WARN_SUSPICIOUS_MOVE = YES;
				CLANG_WARN_UNGUARDED_AVAILABILITY = YES_AGGRESSIVE;
				CLANG_WARN_UNREACHABLE_CODE = YES;
				CLANG_WARN__DUPLICATE_METHOD_MATCH = YES;
				COPY_PHASE_STRIP = NO;
				DEBUG_INFORMATION_FORMAT = "dwarf-with-dsym";
				ENABLE_NS_ASSERTIONS = NO;
				ENABLE_ON_DEMAND_RESOURCES = NO;
				ENABLE_STRICT_OBJC_MSGSEND = YES;
				GCC_C_LANGUAGE_STANDARD = gnu11;
				GCC_NO_COMMON_BLOCKS = YES;
				GCC_WARN_64_TO_32_BIT_CONVERSION = YES;
				GCC_WARN_ABOUT_RETURN_TYPE = YES_ERROR;
				GCC_WARN_UNDECLARED_SELECTOR = YES;
				GCC_WARN_UNINITIALIZED_AUTOS = YES_AGGRESSIVE;
				GCC_WARN_UNUSED_FUNCTION = YES;
				GCC_WARN_UNUSED_VARIABLE = YES;
				IPHONEOS_DEPLOYMENT_TARGET = 14.4;
				MTL_ENABLE_DEBUG_INFO = NO;
				MTL_FAST_MATH = YES;
				SDKROOT = iphoneos;
				SWIFT_COMPILATION_MODE = wholemodule;
				SWIFT_OPTIMIZATION_LEVEL = "-O";
				VALIDATE_PRODUCT = YES;
			};
			name = Release;
		};
		6BE65D80267A332A000CAD5E /* Debug */ = {
			isa = XCBuildConfiguration;
			baseConfigurationReference = 4B95917974171FE22AC22E0C /* Pods-Steamy.debug.xcconfig */;
			buildSettings = {
				ASSETCATALOG_COMPILER_APPICON_NAME = AppIcon;
				ASSETCATALOG_COMPILER_GLOBAL_ACCENT_COLOR_NAME = AccentColor;
				CODE_SIGN_STYLE = Automatic;
				DEVELOPMENT_ASSET_PATHS = "\"Steamy/Preview Content\"";
				DEVELOPMENT_TEAM = 93Y3PSZG8S;
				ENABLE_PREVIEWS = YES;
				INFOPLIST_FILE = "$(SRCROOT)/Steamy/Resources/Info.plist";
				IPHONEOS_DEPLOYMENT_TARGET = 14.1;
				LD_RUNPATH_SEARCH_PATHS = (
					"$(inherited)",
					"@executable_path/Frameworks",
				);
				PRODUCT_BUNDLE_IDENTIFIER = com.Steamy.SteamyApp;
				PRODUCT_NAME = "$(TARGET_NAME)";
				SWIFT_VERSION = 5.0;
				TARGETED_DEVICE_FAMILY = "1,2";
			};
			name = Debug;
		};
		6BE65D81267A332A000CAD5E /* Release */ = {
			isa = XCBuildConfiguration;
			baseConfigurationReference = 3EF32FB3739168214BC42CC5 /* Pods-Steamy.release.xcconfig */;
			buildSettings = {
				ASSETCATALOG_COMPILER_APPICON_NAME = AppIcon;
				ASSETCATALOG_COMPILER_GLOBAL_ACCENT_COLOR_NAME = AccentColor;
				CODE_SIGN_STYLE = Automatic;
				DEVELOPMENT_ASSET_PATHS = "\"Steamy/Preview Content\"";
				DEVELOPMENT_TEAM = 93Y3PSZG8S;
				ENABLE_PREVIEWS = YES;
				INFOPLIST_FILE = "$(SRCROOT)/Steamy/Resources/Info.plist";
				IPHONEOS_DEPLOYMENT_TARGET = 14.1;
				LD_RUNPATH_SEARCH_PATHS = (
					"$(inherited)",
					"@executable_path/Frameworks",
				);
				PRODUCT_BUNDLE_IDENTIFIER = com.Steamy.SteamyApp;
				PRODUCT_NAME = "$(TARGET_NAME)";
				SWIFT_VERSION = 5.0;
				TARGETED_DEVICE_FAMILY = "1,2";
			};
			name = Release;
		};
/* End XCBuildConfiguration section */

/* Begin XCConfigurationList section */
		6005497F269BAC8900B7D519 /* Build configuration list for PBXNativeTarget "SteamyTests" */ = {
			isa = XCConfigurationList;
			buildConfigurations = (
				60054980269BAC8900B7D519 /* Debug */,
				60054981269BAC8900B7D519 /* Release */,
			);
			defaultConfigurationIsVisible = 0;
			defaultConfigurationName = Release;
		};
		6BE65D6B267A3328000CAD5E /* Build configuration list for PBXProject "Steamy" */ = {
			isa = XCConfigurationList;
			buildConfigurations = (
				6BE65D7D267A332A000CAD5E /* Debug */,
				6BE65D7E267A332A000CAD5E /* Release */,
			);
			defaultConfigurationIsVisible = 0;
			defaultConfigurationName = Release;
		};
		6BE65D7F267A332A000CAD5E /* Build configuration list for PBXNativeTarget "Steamy" */ = {
			isa = XCConfigurationList;
			buildConfigurations = (
				6BE65D80267A332A000CAD5E /* Debug */,
				6BE65D81267A332A000CAD5E /* Release */,
			);
			defaultConfigurationIsVisible = 0;
			defaultConfigurationName = Release;
		};
/* End XCConfigurationList section */

/* Begin XCRemoteSwiftPackageReference section */
		0CBD4A1026A4DB3800E743C1 /* XCRemoteSwiftPackageReference "Kingfisher" */ = {
			isa = XCRemoteSwiftPackageReference;
			repositoryURL = "https://github.com/onevcat/Kingfisher";
			requirement = {
				kind = exactVersion;
				version = 5.15.7;
			};
		};
/* End XCRemoteSwiftPackageReference section */

/* Begin XCSwiftPackageProductDependency section */
		0CBD4A1126A4DB3800E743C1 /* KingfisherSwiftUI */ = {
			isa = XCSwiftPackageProductDependency;
			package = 0CBD4A1026A4DB3800E743C1 /* XCRemoteSwiftPackageReference "Kingfisher" */;
			productName = KingfisherSwiftUI;
		};
/* End XCSwiftPackageProductDependency section */
	};
	rootObject = 6BE65D68267A3328000CAD5E /* Project object */;
}
