// !$*UTF8*$!
{
	archiveVersion = 1;
	classes = {
	};
	objectVersion = 51;
	objects = {

/* Begin PBXBuildFile section */
		0C4ED21A2682353100DB60BB /* GoogleService-Info.plist in Resources */ = {isa = PBXBuildFile; fileRef = 0C4ED2192682353100DB60BB /* GoogleService-Info.plist */; };
		0C4F34702688903A00BCDA64 /* UserApi.swift in Sources */ = {isa = PBXBuildFile; fileRef = 0C4F346E2688903A00BCDA64 /* UserApi.swift */; };
		0C4F34712688903A00BCDA64 /* Api.swift in Sources */ = {isa = PBXBuildFile; fileRef = 0C4F346F2688903A00BCDA64 /* Api.swift */; };
		6B8399CA267D8F5E00F77B41 /* Sign_OR_Log_UIView.swift in Sources */ = {isa = PBXBuildFile; fileRef = 6B8399C9267D8F5E00F77B41 /* Sign_OR_Log_UIView.swift */; };
		6BD9B77C26868B7C00D8726E /* App_logo.png in Resources */ = {isa = PBXBuildFile; fileRef = 6BD9B77B26868B7B00D8726E /* App_logo.png */; };
		6BE65D74267A3328000CAD5E /* SteamyApp.swift in Sources */ = {isa = PBXBuildFile; fileRef = 6BE65D73267A3328000CAD5E /* SteamyApp.swift */; };
		6BE65D76267A3328000CAD5E /* ContentView.swift in Sources */ = {isa = PBXBuildFile; fileRef = 6BE65D75267A3328000CAD5E /* ContentView.swift */; };
		6BE65D78267A332A000CAD5E /* Assets.xcassets in Resources */ = {isa = PBXBuildFile; fileRef = 6BE65D77267A332A000CAD5E /* Assets.xcassets */; };
		6BE65D7B267A332A000CAD5E /* Preview Assets.xcassets in Resources */ = {isa = PBXBuildFile; fileRef = 6BE65D7A267A332A000CAD5E /* Preview Assets.xcassets */; };
		6BE6CFF72680201C00C1A094 /* SignUpView.swift in Sources */ = {isa = PBXBuildFile; fileRef = 6BE6CFF62680201C00C1A094 /* SignUpView.swift */; };
		6BE6CFF92680DC7B00C1A094 /* LoginView.swift in Sources */ = {isa = PBXBuildFile; fileRef = 6BE6CFF82680DC7B00C1A094 /* LoginView.swift */; };
		6BFE094026865E3B008261D4 /* ProfileView.swift in Sources */ = {isa = PBXBuildFile; fileRef = 6BFE093F26865E3B008261D4 /* ProfileView.swift */; };
		6BFE096926866AE1008261D4 /* Account.swift in Sources */ = {isa = PBXBuildFile; fileRef = 6BFE096826866AE1008261D4 /* Account.swift */; };
		877168E7D331409B09F0EC92 /* Pods_Steamy.framework in Frameworks */ = {isa = PBXBuildFile; fileRef = 46434B557561559E335A4DFB /* Pods_Steamy.framework */; };
/* End PBXBuildFile section */

/* Begin PBXFileReference section */
		0C4ED2192682353100DB60BB /* GoogleService-Info.plist */ = {isa = PBXFileReference; fileEncoding = 4; lastKnownFileType = text.plist.xml; path = "GoogleService-Info.plist"; sourceTree = "<group>"; };
		0C4F346E2688903A00BCDA64 /* UserApi.swift */ = {isa = PBXFileReference; fileEncoding = 4; lastKnownFileType = sourcecode.swift; path = UserApi.swift; sourceTree = "<group>"; };
		0C4F346F2688903A00BCDA64 /* Api.swift */ = {isa = PBXFileReference; fileEncoding = 4; lastKnownFileType = sourcecode.swift; path = Api.swift; sourceTree = "<group>"; };
		46434B557561559E335A4DFB /* Pods_Steamy.framework */ = {isa = PBXFileReference; explicitFileType = wrapper.framework; includeInIndex = 0; path = Pods_Steamy.framework; sourceTree = BUILT_PRODUCTS_DIR; };
		6B8399C9267D8F5E00F77B41 /* Sign_OR_Log_UIView.swift */ = {isa = PBXFileReference; lastKnownFileType = sourcecode.swift; path = Sign_OR_Log_UIView.swift; sourceTree = "<group>"; };
		6BD9B77B26868B7B00D8726E /* App_logo.png */ = {isa = PBXFileReference; lastKnownFileType = image.png; path = App_logo.png; sourceTree = "<group>"; };
		6BE65D70267A3328000CAD5E /* Steamy.app */ = {isa = PBXFileReference; explicitFileType = wrapper.application; includeInIndex = 0; path = Steamy.app; sourceTree = BUILT_PRODUCTS_DIR; };
		6BE65D73267A3328000CAD5E /* SteamyApp.swift */ = {isa = PBXFileReference; lastKnownFileType = sourcecode.swift; path = SteamyApp.swift; sourceTree = "<group>"; };
		6BE65D75267A3328000CAD5E /* ContentView.swift */ = {isa = PBXFileReference; lastKnownFileType = sourcecode.swift; path = ContentView.swift; sourceTree = "<group>"; };
		6BE65D77267A332A000CAD5E /* Assets.xcassets */ = {isa = PBXFileReference; lastKnownFileType = folder.assetcatalog; path = Assets.xcassets; sourceTree = "<group>"; };
		6BE65D7A267A332A000CAD5E /* Preview Assets.xcassets */ = {isa = PBXFileReference; lastKnownFileType = folder.assetcatalog; path = "Preview Assets.xcassets"; sourceTree = "<group>"; };
		6BE65D7C267A332A000CAD5E /* Info.plist */ = {isa = PBXFileReference; lastKnownFileType = text.plist.xml; path = Info.plist; sourceTree = "<group>"; };
		6BE6CFF62680201C00C1A094 /* SignUpView.swift */ = {isa = PBXFileReference; lastKnownFileType = sourcecode.swift; path = SignUpView.swift; sourceTree = "<group>"; };
		6BE6CFF82680DC7B00C1A094 /* LoginView.swift */ = {isa = PBXFileReference; lastKnownFileType = sourcecode.swift; path = LoginView.swift; sourceTree = "<group>"; };
		6BFE093F26865E3B008261D4 /* ProfileView.swift */ = {isa = PBXFileReference; lastKnownFileType = sourcecode.swift; path = ProfileView.swift; sourceTree = "<group>"; };
		6BFE096826866AE1008261D4 /* Account.swift */ = {isa = PBXFileReference; lastKnownFileType = sourcecode.swift; path = Account.swift; sourceTree = "<group>"; };
		A6C59078743A448472F33B06 /* Pods-Steamy.debug.xcconfig */ = {isa = PBXFileReference; includeInIndex = 1; lastKnownFileType = text.xcconfig; name = "Pods-Steamy.debug.xcconfig"; path = "Target Support Files/Pods-Steamy/Pods-Steamy.debug.xcconfig"; sourceTree = "<group>"; };
		AF48A9EE7C098A8896EAB946 /* Pods-Steamy.release.xcconfig */ = {isa = PBXFileReference; includeInIndex = 1; lastKnownFileType = text.xcconfig; name = "Pods-Steamy.release.xcconfig"; path = "Target Support Files/Pods-Steamy/Pods-Steamy.release.xcconfig"; sourceTree = "<group>"; };
/* End PBXFileReference section */

/* Begin PBXFrameworksBuildPhase section */
		6BE65D6D267A3328000CAD5E /* Frameworks */ = {
			isa = PBXFrameworksBuildPhase;
			buildActionMask = 2147483647;
			files = (
				877168E7D331409B09F0EC92 /* Pods_Steamy.framework in Frameworks */,
			);
			runOnlyForDeploymentPostprocessing = 0;
		};
/* End PBXFrameworksBuildPhase section */

/* Begin PBXGroup section */
		4C4908D5F4883FF05EBDBE7F /* Pods */ = {
			isa = PBXGroup;
			children = (
				A6C59078743A448472F33B06 /* Pods-Steamy.debug.xcconfig */,
				AF48A9EE7C098A8896EAB946 /* Pods-Steamy.release.xcconfig */,
			);
			path = Pods;
			sourceTree = "<group>";
		};
		6BE65D67267A3328000CAD5E = {
			isa = PBXGroup;
			children = (
				6BE65D72267A3328000CAD5E /* Steamy */,
				6BE65D71267A3328000CAD5E /* Products */,
				4C4908D5F4883FF05EBDBE7F /* Pods */,
				C3091A7A582A754A270DFA67 /* Frameworks */,
			);
			sourceTree = "<group>";
		};
		6BE65D71267A3328000CAD5E /* Products */ = {
			isa = PBXGroup;
			children = (
				6BE65D70267A3328000CAD5E /* Steamy.app */,
			);
			name = Products;
			sourceTree = "<group>";
		};
		6BE65D72267A3328000CAD5E /* Steamy */ = {
			isa = PBXGroup;
			children = (
				6BE65D73267A3328000CAD5E /* SteamyApp.swift */,
				6BFE0966268667F5008261D4 /* Views */,
				6BFE09672686697A008261D4 /* Model */,
				6BFE096A26866FE2008261D4 /* Resources */,
				6BE65D77267A332A000CAD5E /* Assets.xcassets */,
				6BE65D7C267A332A000CAD5E /* Info.plist */,
				6BD9B77B26868B7B00D8726E /* App_logo.png */,
				0C4ED2192682353100DB60BB /* GoogleService-Info.plist */,
				6BE65D79267A332A000CAD5E /* Preview Content */,
			);
			path = Steamy;
			sourceTree = "<group>";
		};
		6BE65D79267A332A000CAD5E /* Preview Content */ = {
			isa = PBXGroup;
			children = (
				6BE65D7A267A332A000CAD5E /* Preview Assets.xcassets */,
			);
			path = "Preview Content";
			sourceTree = "<group>";
		};
		6BFE0966268667F5008261D4 /* Views */ = {
			isa = PBXGroup;
			children = (
				0C4F346F2688903A00BCDA64 /* Api.swift */,
				0C4F346E2688903A00BCDA64 /* UserApi.swift */,
				6B8399C9267D8F5E00F77B41 /* Sign_OR_Log_UIView.swift */,
				6BFE093F26865E3B008261D4 /* ProfileView.swift */,
				6BE6CFF82680DC7B00C1A094 /* LoginView.swift */,
				6BE6CFF62680201C00C1A094 /* SignUpView.swift */,
				6BE65D75267A3328000CAD5E /* ContentView.swift */,
			);
			path = Views;
			sourceTree = "<group>";
		};
		6BFE09672686697A008261D4 /* Model */ = {
			isa = PBXGroup;
			children = (
				6BFE096826866AE1008261D4 /* Account.swift */,
			);
			path = Model;
			sourceTree = "<group>";
		};
		6BFE096A26866FE2008261D4 /* Resources */ = {
			isa = PBXGroup;
			children = (
			);
			path = Resources;
			sourceTree = "<group>";
		};
		C3091A7A582A754A270DFA67 /* Frameworks */ = {
			isa = PBXGroup;
			children = (
				46434B557561559E335A4DFB /* Pods_Steamy.framework */,
			);
			name = Frameworks;
			sourceTree = "<group>";
		};
/* End PBXGroup section */

/* Begin PBXNativeTarget section */
		6BE65D6F267A3328000CAD5E /* Steamy */ = {
			isa = PBXNativeTarget;
			buildConfigurationList = 6BE65D7F267A332A000CAD5E /* Build configuration list for PBXNativeTarget "Steamy" */;
			buildPhases = (
				D1CE8413BE729ABAE4252134 /* [CP] Check Pods Manifest.lock */,
				6BE65D6C267A3328000CAD5E /* Sources */,
				6BE65D6D267A3328000CAD5E /* Frameworks */,
				6BE65D6E267A3328000CAD5E /* Resources */,
				81713B1445EEA7D31F92019A /* [CP] Embed Pods Frameworks */,
			);
			buildRules = (
			);
			dependencies = (
			);
			name = Steamy;
			productName = Steamy;
			productReference = 6BE65D70267A3328000CAD5E /* Steamy.app */;
			productType = "com.apple.product-type.application";
		};
/* End PBXNativeTarget section */

/* Begin PBXProject section */
		6BE65D68267A3328000CAD5E /* Project object */ = {
			isa = PBXProject;
			attributes = {
				LastSwiftUpdateCheck = 1250;
				LastUpgradeCheck = 1250;
				TargetAttributes = {
					6BE65D6F267A3328000CAD5E = {
						CreatedOnToolsVersion = 12.5;
					};
				};
			};
			buildConfigurationList = 6BE65D6B267A3328000CAD5E /* Build configuration list for PBXProject "Steamy" */;
			compatibilityVersion = "Xcode 9.3";
			developmentRegion = en;
			hasScannedForEncodings = 0;
			knownRegions = (
				en,
				Base,
			);
			mainGroup = 6BE65D67267A3328000CAD5E;
			productRefGroup = 6BE65D71267A3328000CAD5E /* Products */;
			projectDirPath = "";
			projectRoot = "";
			targets = (
				6BE65D6F267A3328000CAD5E /* Steamy */,
			);
		};
/* End PBXProject section */

/* Begin PBXResourcesBuildPhase section */
		6BE65D6E267A3328000CAD5E /* Resources */ = {
			isa = PBXResourcesBuildPhase;
			buildActionMask = 2147483647;
			files = (
				6BE65D7B267A332A000CAD5E /* Preview Assets.xcassets in Resources */,
				0C4ED21A2682353100DB60BB /* GoogleService-Info.plist in Resources */,
				6BE65D78267A332A000CAD5E /* Assets.xcassets in Resources */,
				6BD9B77C26868B7C00D8726E /* App_logo.png in Resources */,
			);
			runOnlyForDeploymentPostprocessing = 0;
		};
/* End PBXResourcesBuildPhase section */

/* Begin PBXShellScriptBuildPhase section */
		81713B1445EEA7D31F92019A /* [CP] Embed Pods Frameworks */ = {
			isa = PBXShellScriptBuildPhase;
			buildActionMask = 2147483647;
			files = (
			);
			inputFileListPaths = (
				"${PODS_ROOT}/Target Support Files/Pods-Steamy/Pods-Steamy-frameworks-${CONFIGURATION}-input-files.xcfilelist",
			);
			name = "[CP] Embed Pods Frameworks";
			outputFileListPaths = (
				"${PODS_ROOT}/Target Support Files/Pods-Steamy/Pods-Steamy-frameworks-${CONFIGURATION}-output-files.xcfilelist",
			);
			runOnlyForDeploymentPostprocessing = 0;
			shellPath = /bin/sh;
			shellScript = "\"${PODS_ROOT}/Target Support Files/Pods-Steamy/Pods-Steamy-frameworks.sh\"\n";
			showEnvVarsInLog = 0;
		};
		D1CE8413BE729ABAE4252134 /* [CP] Check Pods Manifest.lock */ = {
			isa = PBXShellScriptBuildPhase;
			buildActionMask = 2147483647;
			files = (
			);
			inputFileListPaths = (
			);
			inputPaths = (
				"${PODS_PODFILE_DIR_PATH}/Podfile.lock",
				"${PODS_ROOT}/Manifest.lock",
			);
			name = "[CP] Check Pods Manifest.lock";
			outputFileListPaths = (
			);
			outputPaths = (
				"$(DERIVED_FILE_DIR)/Pods-Steamy-checkManifestLockResult.txt",
			);
			runOnlyForDeploymentPostprocessing = 0;
			shellPath = /bin/sh;
			shellScript = "diff \"${PODS_PODFILE_DIR_PATH}/Podfile.lock\" \"${PODS_ROOT}/Manifest.lock\" > /dev/null\nif [ $? != 0 ] ; then\n    # print error to STDERR\n    echo \"error: The sandbox is not in sync with the Podfile.lock. Run 'pod install' or update your CocoaPods installation.\" >&2\n    exit 1\nfi\n# This output is used by Xcode 'outputs' to avoid re-running this script phase.\necho \"SUCCESS\" > \"${SCRIPT_OUTPUT_FILE_0}\"\n";
			showEnvVarsInLog = 0;
		};
/* End PBXShellScriptBuildPhase section */

/* Begin PBXSourcesBuildPhase section */
		6BE65D6C267A3328000CAD5E /* Sources */ = {
			isa = PBXSourcesBuildPhase;
			buildActionMask = 2147483647;
			files = (
				0C4F34712688903A00BCDA64 /* Api.swift in Sources */,
				6BE6CFF72680201C00C1A094 /* SignUpView.swift in Sources */,
				0C4F34702688903A00BCDA64 /* UserApi.swift in Sources */,
				6BE65D76267A3328000CAD5E /* ContentView.swift in Sources */,
				6B8399CA267D8F5E00F77B41 /* Sign_OR_Log_UIView.swift in Sources */,
				6BE6CFF92680DC7B00C1A094 /* LoginView.swift in Sources */,
				6BFE094026865E3B008261D4 /* ProfileView.swift in Sources */,
				6BE65D74267A3328000CAD5E /* SteamyApp.swift in Sources */,
				6BFE096926866AE1008261D4 /* Account.swift in Sources */,
			);
			runOnlyForDeploymentPostprocessing = 0;
		};
/* End PBXSourcesBuildPhase section */

/* Begin XCBuildConfiguration section */
		6BE65D7D267A332A000CAD5E /* Debug */ = {
			isa = XCBuildConfiguration;
			buildSettings = {
				ALWAYS_SEARCH_USER_PATHS = NO;
				CLANG_ANALYZER_NONNULL = YES;
				CLANG_ANALYZER_NUMBER_OBJECT_CONVERSION = YES_AGGRESSIVE;
				CLANG_CXX_LANGUAGE_STANDARD = "gnu++14";
				CLANG_CXX_LIBRARY = "libc++";
				CLANG_ENABLE_MODULES = YES;
				CLANG_ENABLE_OBJC_ARC = YES;
				CLANG_ENABLE_OBJC_WEAK = YES;
				CLANG_WARN_BLOCK_CAPTURE_AUTORELEASING = YES;
				CLANG_WARN_BOOL_CONVERSION = YES;
				CLANG_WARN_COMMA = YES;
				CLANG_WARN_CONSTANT_CONVERSION = YES;
				CLANG_WARN_DEPRECATED_OBJC_IMPLEMENTATIONS = YES;
				CLANG_WARN_DIRECT_OBJC_ISA_USAGE = YES_ERROR;
				CLANG_WARN_DOCUMENTATION_COMMENTS = YES;
				CLANG_WARN_EMPTY_BODY = YES;
				CLANG_WARN_ENUM_CONVERSION = YES;
				CLANG_WARN_INFINITE_RECURSION = YES;
				CLANG_WARN_INT_CONVERSION = YES;
				CLANG_WARN_NON_LITERAL_NULL_CONVERSION = YES;
				CLANG_WARN_OBJC_IMPLICIT_RETAIN_SELF = YES;
				CLANG_WARN_OBJC_LITERAL_CONVERSION = YES;
				CLANG_WARN_OBJC_ROOT_CLASS = YES_ERROR;
				CLANG_WARN_QUOTED_INCLUDE_IN_FRAMEWORK_HEADER = YES;
				CLANG_WARN_RANGE_LOOP_ANALYSIS = YES;
				CLANG_WARN_STRICT_PROTOTYPES = YES;
				CLANG_WARN_SUSPICIOUS_MOVE = YES;
				CLANG_WARN_UNGUARDED_AVAILABILITY = YES_AGGRESSIVE;
				CLANG_WARN_UNREACHABLE_CODE = YES;
				CLANG_WARN__DUPLICATE_METHOD_MATCH = YES;
				COPY_PHASE_STRIP = NO;
				DEBUG_INFORMATION_FORMAT = dwarf;
				ENABLE_STRICT_OBJC_MSGSEND = YES;
				ENABLE_TESTABILITY = YES;
				GCC_C_LANGUAGE_STANDARD = gnu11;
				GCC_DYNAMIC_NO_PIC = NO;
				GCC_NO_COMMON_BLOCKS = YES;
				GCC_OPTIMIZATION_LEVEL = 0;
				GCC_PREPROCESSOR_DEFINITIONS = (
					"DEBUG=1",
					"$(inherited)",
				);
				GCC_WARN_64_TO_32_BIT_CONVERSION = YES;
				GCC_WARN_ABOUT_RETURN_TYPE = YES_ERROR;
				GCC_WARN_UNDECLARED_SELECTOR = YES;
				GCC_WARN_UNINITIALIZED_AUTOS = YES_AGGRESSIVE;
				GCC_WARN_UNUSED_FUNCTION = YES;
				GCC_WARN_UNUSED_VARIABLE = YES;
				IPHONEOS_DEPLOYMENT_TARGET = 14.5;
				MTL_ENABLE_DEBUG_INFO = INCLUDE_SOURCE;
				MTL_FAST_MATH = YES;
				ONLY_ACTIVE_ARCH = YES;
				SDKROOT = iphoneos;
				SWIFT_ACTIVE_COMPILATION_CONDITIONS = DEBUG;
				SWIFT_OPTIMIZATION_LEVEL = "-Onone";
			};
			name = Debug;
		};
		6BE65D7E267A332A000CAD5E /* Release */ = {
			isa = XCBuildConfiguration;
			buildSettings = {
				ALWAYS_SEARCH_USER_PATHS = NO;
				CLANG_ANALYZER_NONNULL = YES;
				CLANG_ANALYZER_NUMBER_OBJECT_CONVERSION = YES_AGGRESSIVE;
				CLANG_CXX_LANGUAGE_STANDARD = "gnu++14";
				CLANG_CXX_LIBRARY = "libc++";
				CLANG_ENABLE_MODULES = YES;
				CLANG_ENABLE_OBJC_ARC = YES;
				CLANG_ENABLE_OBJC_WEAK = YES;
				CLANG_WARN_BLOCK_CAPTURE_AUTORELEASING = YES;
				CLANG_WARN_BOOL_CONVERSION = YES;
				CLANG_WARN_COMMA = YES;
				CLANG_WARN_CONSTANT_CONVERSION = YES;
				CLANG_WARN_DEPRECATED_OBJC_IMPLEMENTATIONS = YES;
				CLANG_WARN_DIRECT_OBJC_ISA_USAGE = YES_ERROR;
				CLANG_WARN_DOCUMENTATION_COMMENTS = YES;
				CLANG_WARN_EMPTY_BODY = YES;
				CLANG_WARN_ENUM_CONVERSION = YES;
				CLANG_WARN_INFINITE_RECURSION = YES;
				CLANG_WARN_INT_CONVERSION = YES;
				CLANG_WARN_NON_LITERAL_NULL_CONVERSION = YES;
				CLANG_WARN_OBJC_IMPLICIT_RETAIN_SELF = YES;
				CLANG_WARN_OBJC_LITERAL_CONVERSION = YES;
				CLANG_WARN_OBJC_ROOT_CLASS = YES_ERROR;
				CLANG_WARN_QUOTED_INCLUDE_IN_FRAMEWORK_HEADER = YES;
				CLANG_WARN_RANGE_LOOP_ANALYSIS = YES;
				CLANG_WARN_STRICT_PROTOTYPES = YES;
				CLANG_WARN_SUSPICIOUS_MOVE = YES;
				CLANG_WARN_UNGUARDED_AVAILABILITY = YES_AGGRESSIVE;
				CLANG_WARN_UNREACHABLE_CODE = YES;
				CLANG_WARN__DUPLICATE_METHOD_MATCH = YES;
				COPY_PHASE_STRIP = NO;
				DEBUG_INFORMATION_FORMAT = "dwarf-with-dsym";
				ENABLE_NS_ASSERTIONS = NO;
				ENABLE_STRICT_OBJC_MSGSEND = YES;
				GCC_C_LANGUAGE_STANDARD = gnu11;
				GCC_NO_COMMON_BLOCKS = YES;
				GCC_WARN_64_TO_32_BIT_CONVERSION = YES;
				GCC_WARN_ABOUT_RETURN_TYPE = YES_ERROR;
				GCC_WARN_UNDECLARED_SELECTOR = YES;
				GCC_WARN_UNINITIALIZED_AUTOS = YES_AGGRESSIVE;
				GCC_WARN_UNUSED_FUNCTION = YES;
				GCC_WARN_UNUSED_VARIABLE = YES;
				IPHONEOS_DEPLOYMENT_TARGET = 14.5;
				MTL_ENABLE_DEBUG_INFO = NO;
				MTL_FAST_MATH = YES;
				SDKROOT = iphoneos;
				SWIFT_COMPILATION_MODE = wholemodule;
				SWIFT_OPTIMIZATION_LEVEL = "-O";
				VALIDATE_PRODUCT = YES;
			};
			name = Release;
		};
		6BE65D80267A332A000CAD5E /* Debug */ = {
			isa = XCBuildConfiguration;
			baseConfigurationReference = A6C59078743A448472F33B06 /* Pods-Steamy.debug.xcconfig */;
			buildSettings = {
				ASSETCATALOG_COMPILER_APPICON_NAME = AppIcon;
				ASSETCATALOG_COMPILER_GLOBAL_ACCENT_COLOR_NAME = AccentColor;
				CODE_SIGN_STYLE = Automatic;
				DEVELOPMENT_ASSET_PATHS = "\"Steamy/Preview Content\"";
				DEVELOPMENT_TEAM = HZ7FTJW6X6;
				ENABLE_PREVIEWS = YES;
				INFOPLIST_FILE = Steamy/Info.plist;
				IPHONEOS_DEPLOYMENT_TARGET = 14.0;
				LD_RUNPATH_SEARCH_PATHS = (
					"$(inherited)",
					"@executable_path/Frameworks",
				);
				PRODUCT_BUNDLE_IDENTIFIER = com.Steamy.SteamyApp;
				PRODUCT_NAME = "$(TARGET_NAME)";
				SWIFT_VERSION = 5.0;
				TARGETED_DEVICE_FAMILY = "1,2";
			};
			name = Debug;
		};
		6BE65D81267A332A000CAD5E /* Release */ = {
			isa = XCBuildConfiguration;
			baseConfigurationReference = AF48A9EE7C098A8896EAB946 /* Pods-Steamy.release.xcconfig */;
			buildSettings = {
				ASSETCATALOG_COMPILER_APPICON_NAME = AppIcon;
				ASSETCATALOG_COMPILER_GLOBAL_ACCENT_COLOR_NAME = AccentColor;
				CODE_SIGN_STYLE = Automatic;
				DEVELOPMENT_ASSET_PATHS = "\"Steamy/Preview Content\"";
				DEVELOPMENT_TEAM = HZ7FTJW6X6;
				ENABLE_PREVIEWS = YES;
				INFOPLIST_FILE = Steamy/Info.plist;
				IPHONEOS_DEPLOYMENT_TARGET = 14.0;
				LD_RUNPATH_SEARCH_PATHS = (
					"$(inherited)",
					"@executable_path/Frameworks",
				);
				PRODUCT_BUNDLE_IDENTIFIER = com.Steamy.SteamyApp;
				PRODUCT_NAME = "$(TARGET_NAME)";
				SWIFT_VERSION = 5.0;
				TARGETED_DEVICE_FAMILY = "1,2";
			};
			name = Release;
		};
/* End XCBuildConfiguration section */

/* Begin XCConfigurationList section */
		6BE65D6B267A3328000CAD5E /* Build configuration list for PBXProject "Steamy" */ = {
			isa = XCConfigurationList;
			buildConfigurations = (
				6BE65D7D267A332A000CAD5E /* Debug */,
				6BE65D7E267A332A000CAD5E /* Release */,
			);
			defaultConfigurationIsVisible = 0;
			defaultConfigurationName = Release;
		};
		6BE65D7F267A332A000CAD5E /* Build configuration list for PBXNativeTarget "Steamy" */ = {
			isa = XCConfigurationList;
			buildConfigurations = (
				6BE65D80267A332A000CAD5E /* Debug */,
				6BE65D81267A332A000CAD5E /* Release */,
			);
			defaultConfigurationIsVisible = 0;
			defaultConfigurationName = Release;
		};
/* End XCConfigurationList section */
	};
	rootObject = 6BE65D68267A3328000CAD5E /* Project object */;
}
